// !$*UTF8*$!
{
	archiveVersion = 1;
	classes = {
	};
	objectVersion = 46;
	objects = {

/* Begin PBXBuildFile section */
		000249501FB420FE00F96FC1 /* bb@2x.jpg in Resources */ = {isa = PBXBuildFile; fileRef = 000249241FB420FE00F96FC1 /* bb@2x.jpg */; };
		000249511FB420FE00F96FC1 /* bb_icon@2x.jpg in Resources */ = {isa = PBXBuildFile; fileRef = 000249251FB420FE00F96FC1 /* bb_icon@2x.jpg */; };
		000249521FB420FE00F96FC1 /* dzq@2x.jpg in Resources */ = {isa = PBXBuildFile; fileRef = 000249261FB420FE00F96FC1 /* dzq@2x.jpg */; };
		000249531FB420FE00F96FC1 /* dzq_icon@2x.jpg in Resources */ = {isa = PBXBuildFile; fileRef = 000249271FB420FE00F96FC1 /* dzq_icon@2x.jpg */; };
		000249541FB420FE00F96FC1 /* eason@2x.jpg in Resources */ = {isa = PBXBuildFile; fileRef = 000249281FB420FE00F96FC1 /* eason@2x.jpg */; };
		000249551FB420FE00F96FC1 /* eason_icon@2x.jpg in Resources */ = {isa = PBXBuildFile; fileRef = 000249291FB420FE00F96FC1 /* eason_icon@2x.jpg */; };
		000249561FB420FE00F96FC1 /* jay@2x.jpg in Resources */ = {isa = PBXBuildFile; fileRef = 0002492A1FB420FE00F96FC1 /* jay@2x.jpg */; };
		000249571FB420FE00F96FC1 /* jay_icon@2x.png in Resources */ = {isa = PBXBuildFile; fileRef = 0002492B1FB420FE00F96FC1 /* jay_icon@2x.png */; };
		000249581FB420FE00F96FC1 /* jj@2x.jpg in Resources */ = {isa = PBXBuildFile; fileRef = 0002492C1FB420FE00F96FC1 /* jj@2x.jpg */; };
		000249591FB420FE00F96FC1 /* jj_icon@2x.png in Resources */ = {isa = PBXBuildFile; fileRef = 0002492D1FB420FE00F96FC1 /* jj_icon@2x.png */; };
		0002495A1FB420FE00F96FC1 /* kzxd@2x.jpg in Resources */ = {isa = PBXBuildFile; fileRef = 0002492E1FB420FE00F96FC1 /* kzxd@2x.jpg */; };
		0002495B1FB420FE00F96FC1 /* kzxd_icon@2x.jpg in Resources */ = {isa = PBXBuildFile; fileRef = 0002492F1FB420FE00F96FC1 /* kzxd_icon@2x.jpg */; };
		0002495C1FB420FE00F96FC1 /* lkq@2x.jpg in Resources */ = {isa = PBXBuildFile; fileRef = 000249301FB420FE00F96FC1 /* lkq@2x.jpg */; };
		0002495D1FB420FE00F96FC1 /* lkq_icon@2x.jpg in Resources */ = {isa = PBXBuildFile; fileRef = 000249311FB420FE00F96FC1 /* lkq_icon@2x.jpg */; };
		0002495E1FB420FE00F96FC1 /* nanquan@2x.jpg in Resources */ = {isa = PBXBuildFile; fileRef = 000249321FB420FE00F96FC1 /* nanquan@2x.jpg */; };
		0002495F1FB420FE00F96FC1 /* nanquan_icon@2x.jpg in Resources */ = {isa = PBXBuildFile; fileRef = 000249331FB420FE00F96FC1 /* nanquan_icon@2x.jpg */; };
		000249601FB420FE00F96FC1 /* QQListBack.jpg in Resources */ = {isa = PBXBuildFile; fileRef = 000249341FB420FE00F96FC1 /* QQListBack.jpg */; };
		000249611FB420FE00F96FC1 /* wf@2x.jpg in Resources */ = {isa = PBXBuildFile; fileRef = 000249351FB420FE00F96FC1 /* wf@2x.jpg */; };
		000249621FB420FE00F96FC1 /* wf_icon@2x.jpg in Resources */ = {isa = PBXBuildFile; fileRef = 000249361FB420FE00F96FC1 /* wf_icon@2x.jpg */; };
		000249631FB420FE00F96FC1 /* zxy@2x.jpg in Resources */ = {isa = PBXBuildFile; fileRef = 000249371FB420FE00F96FC1 /* zxy@2x.jpg */; };
		000249641FB420FE00F96FC1 /* zxy_icon@2x.jpg in Resources */ = {isa = PBXBuildFile; fileRef = 000249381FB420FE00F96FC1 /* zxy_icon@2x.jpg */; };
		000249651FB420FE00F96FC1 /* 10405520.lrc in Resources */ = {isa = PBXBuildFile; fileRef = 0002493A1FB420FE00F96FC1 /* 10405520.lrc */; };
		000249661FB420FE00F96FC1 /* 10736444.lrc in Resources */ = {isa = PBXBuildFile; fileRef = 0002493B1FB420FE00F96FC1 /* 10736444.lrc */; };
		000249671FB420FE00F96FC1 /* 120125029.lrc in Resources */ = {isa = PBXBuildFile; fileRef = 0002493C1FB420FE00F96FC1 /* 120125029.lrc */; };
		000249681FB420FE00F96FC1 /* 12309111.lrc in Resources */ = {isa = PBXBuildFile; fileRef = 0002493D1FB420FE00F96FC1 /* 12309111.lrc */; };
		000249691FB420FE00F96FC1 /* 14945107.lrc in Resources */ = {isa = PBXBuildFile; fileRef = 0002493E1FB420FE00F96FC1 /* 14945107.lrc */; };
		0002496A1FB420FE00F96FC1 /* 235319.lrc in Resources */ = {isa = PBXBuildFile; fileRef = 0002493F1FB420FE00F96FC1 /* 235319.lrc */; };
		0002496B1FB420FE00F96FC1 /* 255319.lrc in Resources */ = {isa = PBXBuildFile; fileRef = 000249401FB420FE00F96FC1 /* 255319.lrc */; };
		0002496C1FB420FE00F96FC1 /* 309769.lrc in Resources */ = {isa = PBXBuildFile; fileRef = 000249411FB420FE00F96FC1 /* 309769.lrc */; };
		0002496D1FB420FE00F96FC1 /* 339744.lrc in Resources */ = {isa = PBXBuildFile; fileRef = 000249421FB420FE00F96FC1 /* 339744.lrc */; };
		0002496E1FB420FE00F96FC1 /* 月半小夜曲.lrc in Resources */ = {isa = PBXBuildFile; fileRef = 000249431FB420FE00F96FC1 /* 月半小夜曲.lrc */; };
		0002496F1FB420FE00F96FC1 /* 10405520.mp3 in Resources */ = {isa = PBXBuildFile; fileRef = 000249451FB420FE00F96FC1 /* 10405520.mp3 */; };
		000249701FB420FE00F96FC1 /* 10736444.mp3 in Resources */ = {isa = PBXBuildFile; fileRef = 000249461FB420FE00F96FC1 /* 10736444.mp3 */; };
		000249711FB420FE00F96FC1 /* 1201111234.mp3 in Resources */ = {isa = PBXBuildFile; fileRef = 000249471FB420FE00F96FC1 /* 1201111234.mp3 */; };
		000249721FB420FE00F96FC1 /* 120125029.mp3 in Resources */ = {isa = PBXBuildFile; fileRef = 000249481FB420FE00F96FC1 /* 120125029.mp3 */; };
		000249731FB420FE00F96FC1 /* 12309111.mp3 in Resources */ = {isa = PBXBuildFile; fileRef = 000249491FB420FE00F96FC1 /* 12309111.mp3 */; };
		000249741FB420FE00F96FC1 /* 14945107.mp3 in Resources */ = {isa = PBXBuildFile; fileRef = 0002494A1FB420FE00F96FC1 /* 14945107.mp3 */; };
		000249751FB420FE00F96FC1 /* 235319.mp3 in Resources */ = {isa = PBXBuildFile; fileRef = 0002494B1FB420FE00F96FC1 /* 235319.mp3 */; };
		000249761FB420FE00F96FC1 /* 255319.mp3 in Resources */ = {isa = PBXBuildFile; fileRef = 0002494C1FB420FE00F96FC1 /* 255319.mp3 */; };
		000249771FB420FE00F96FC1 /* 309769.mp3 in Resources */ = {isa = PBXBuildFile; fileRef = 0002494D1FB420FE00F96FC1 /* 309769.mp3 */; };
		000249781FB420FE00F96FC1 /* 339744.mp3 in Resources */ = {isa = PBXBuildFile; fileRef = 0002494E1FB420FE00F96FC1 /* 339744.mp3 */; };
		000249791FB420FE00F96FC1 /* Musics.plist in Resources */ = {isa = PBXBuildFile; fileRef = 0002494F1FB420FE00F96FC1 /* Musics.plist */; };
		0069B8F41FB6B77C0074EBF5 /* QQImageTool.swift in Sources */ = {isa = PBXBuildFile; fileRef = 0069B8F31FB6B77C0074EBF5 /* QQImageTool.swift */; };
		0069B8F91FB6C38F0074EBF5 /* QQDetailViewController.storyboard in Resources */ = {isa = PBXBuildFile; fileRef = 0069B8F81FB6C38F0074EBF5 /* QQDetailViewController.storyboard */; };
		00F32B911FB56A490062F4A2 /* CALayer+Animate.swift in Sources */ = {isa = PBXBuildFile; fileRef = 00F32B901FB56A490062F4A2 /* CALayer+Animate.swift */; };
		00F32B931FB57E880062F4A2 /* QQLrcModel.swift in Sources */ = {isa = PBXBuildFile; fileRef = 00F32B921FB57E880062F4A2 /* QQLrcModel.swift */; };
		00F32B951FB590660062F4A2 /* QQLrcViewController.swift in Sources */ = {isa = PBXBuildFile; fileRef = 00F32B941FB590660062F4A2 /* QQLrcViewController.swift */; };
		00F32B971FB5D9120062F4A2 /* QQLrcLabel.swift in Sources */ = {isa = PBXBuildFile; fileRef = 00F32B961FB5D9120062F4A2 /* QQLrcLabel.swift */; };
		00F32B9C1FB68F480062F4A2 /* QQLrcCell.swift in Sources */ = {isa = PBXBuildFile; fileRef = 00F32B9A1FB68F480062F4A2 /* QQLrcCell.swift */; };
		00F32B9D1FB68F480062F4A2 /* QQLrcCell.xib in Resources */ = {isa = PBXBuildFile; fileRef = 00F32B9B1FB68F480062F4A2 /* QQLrcCell.xib */; };
		F40097D31E69401D000E0737 /* AppDelegate.swift in Sources */ = {isa = PBXBuildFile; fileRef = F40097D21E69401D000E0737 /* AppDelegate.swift */; };
		F40097D81E69401D000E0737 /* Main.storyboard in Resources */ = {isa = PBXBuildFile; fileRef = F40097D61E69401D000E0737 /* Main.storyboard */; };
		F40097DA1E69401E000E0737 /* Assets.xcassets in Resources */ = {isa = PBXBuildFile; fileRef = F40097D91E69401E000E0737 /* Assets.xcassets */; };
		F40097DD1E69401E000E0737 /* LaunchScreen.storyboard in Resources */ = {isa = PBXBuildFile; fileRef = F40097DB1E69401E000E0737 /* LaunchScreen.storyboard */; };
		F40097FD1E694102000E0737 /* UIView+Extension.swift in Sources */ = {isa = PBXBuildFile; fileRef = F40097E81E694102000E0737 /* UIView+Extension.swift */; };
		F40097FE1E694102000E0737 /* QQMusicDataTool.swift in Sources */ = {isa = PBXBuildFile; fileRef = F40097EA1E694102000E0737 /* QQMusicDataTool.swift */; };
		F40097FF1E694102000E0737 /* QQMusicOperationTool.swift in Sources */ = {isa = PBXBuildFile; fileRef = F40097EC1E694102000E0737 /* QQMusicOperationTool.swift */; };
		F40098001E694102000E0737 /* QQMusicTool.swift in Sources */ = {isa = PBXBuildFile; fileRef = F40097ED1E694102000E0737 /* QQMusicTool.swift */; };
		F40098011E694102000E0737 /* QQTimeTool.swift in Sources */ = {isa = PBXBuildFile; fileRef = F40097EE1E694102000E0737 /* QQTimeTool.swift */; };
		F40098021E694102000E0737 /* QQDetailViewController.swift in Sources */ = {isa = PBXBuildFile; fileRef = F40097F11E694102000E0737 /* QQDetailViewController.swift */; };
		F40098031E694102000E0737 /* QQMusicMessageModel.swift in Sources */ = {isa = PBXBuildFile; fileRef = F40097F31E694102000E0737 /* QQMusicMessageModel.swift */; };
		F40098041E694102000E0737 /* QQListViewController.swift in Sources */ = {isa = PBXBuildFile; fileRef = F40097F71E694102000E0737 /* QQListViewController.swift */; };
		F40098051E694102000E0737 /* QQMusicModel.swift in Sources */ = {isa = PBXBuildFile; fileRef = F40097F91E694102000E0737 /* QQMusicModel.swift */; };
		F40098061E694102000E0737 /* QQMusicCell.swift in Sources */ = {isa = PBXBuildFile; fileRef = F40097FB1E694102000E0737 /* QQMusicCell.swift */; };
		F40098071E694102000E0737 /* QQMusicCell.xib in Resources */ = {isa = PBXBuildFile; fileRef = F40097FC1E694102000E0737 /* QQMusicCell.xib */; };
/* End PBXBuildFile section */

/* Begin PBXFileReference section */
		000249241FB420FE00F96FC1 /* bb@2x.jpg */ = {isa = PBXFileReference; lastKnownFileType = image.jpeg; path = "bb@2x.jpg"; sourceTree = "<group>"; };
		000249251FB420FE00F96FC1 /* bb_icon@2x.jpg */ = {isa = PBXFileReference; lastKnownFileType = image.jpeg; path = "bb_icon@2x.jpg"; sourceTree = "<group>"; };
		000249261FB420FE00F96FC1 /* dzq@2x.jpg */ = {isa = PBXFileReference; lastKnownFileType = image.jpeg; path = "dzq@2x.jpg"; sourceTree = "<group>"; };
		000249271FB420FE00F96FC1 /* dzq_icon@2x.jpg */ = {isa = PBXFileReference; lastKnownFileType = image.jpeg; path = "dzq_icon@2x.jpg"; sourceTree = "<group>"; };
		000249281FB420FE00F96FC1 /* eason@2x.jpg */ = {isa = PBXFileReference; lastKnownFileType = image.jpeg; path = "eason@2x.jpg"; sourceTree = "<group>"; };
		000249291FB420FE00F96FC1 /* eason_icon@2x.jpg */ = {isa = PBXFileReference; lastKnownFileType = image.jpeg; path = "eason_icon@2x.jpg"; sourceTree = "<group>"; };
		0002492A1FB420FE00F96FC1 /* jay@2x.jpg */ = {isa = PBXFileReference; lastKnownFileType = image.jpeg; path = "jay@2x.jpg"; sourceTree = "<group>"; };
		0002492B1FB420FE00F96FC1 /* jay_icon@2x.png */ = {isa = PBXFileReference; lastKnownFileType = image.png; path = "jay_icon@2x.png"; sourceTree = "<group>"; };
		0002492C1FB420FE00F96FC1 /* jj@2x.jpg */ = {isa = PBXFileReference; lastKnownFileType = image.jpeg; path = "jj@2x.jpg"; sourceTree = "<group>"; };
		0002492D1FB420FE00F96FC1 /* jj_icon@2x.png */ = {isa = PBXFileReference; lastKnownFileType = image.png; path = "jj_icon@2x.png"; sourceTree = "<group>"; };
		0002492E1FB420FE00F96FC1 /* kzxd@2x.jpg */ = {isa = PBXFileReference; lastKnownFileType = image.jpeg; path = "kzxd@2x.jpg"; sourceTree = "<group>"; };
		0002492F1FB420FE00F96FC1 /* kzxd_icon@2x.jpg */ = {isa = PBXFileReference; lastKnownFileType = image.jpeg; path = "kzxd_icon@2x.jpg"; sourceTree = "<group>"; };
		000249301FB420FE00F96FC1 /* lkq@2x.jpg */ = {isa = PBXFileReference; lastKnownFileType = image.jpeg; path = "lkq@2x.jpg"; sourceTree = "<group>"; };
		000249311FB420FE00F96FC1 /* lkq_icon@2x.jpg */ = {isa = PBXFileReference; lastKnownFileType = image.jpeg; path = "lkq_icon@2x.jpg"; sourceTree = "<group>"; };
		000249321FB420FE00F96FC1 /* nanquan@2x.jpg */ = {isa = PBXFileReference; lastKnownFileType = image.jpeg; path = "nanquan@2x.jpg"; sourceTree = "<group>"; };
		000249331FB420FE00F96FC1 /* nanquan_icon@2x.jpg */ = {isa = PBXFileReference; lastKnownFileType = image.jpeg; path = "nanquan_icon@2x.jpg"; sourceTree = "<group>"; };
		000249341FB420FE00F96FC1 /* QQListBack.jpg */ = {isa = PBXFileReference; lastKnownFileType = image.jpeg; path = QQListBack.jpg; sourceTree = "<group>"; };
		000249351FB420FE00F96FC1 /* wf@2x.jpg */ = {isa = PBXFileReference; lastKnownFileType = image.jpeg; path = "wf@2x.jpg"; sourceTree = "<group>"; };
		000249361FB420FE00F96FC1 /* wf_icon@2x.jpg */ = {isa = PBXFileReference; lastKnownFileType = image.jpeg; path = "wf_icon@2x.jpg"; sourceTree = "<group>"; };
		000249371FB420FE00F96FC1 /* zxy@2x.jpg */ = {isa = PBXFileReference; lastKnownFileType = image.jpeg; path = "zxy@2x.jpg"; sourceTree = "<group>"; };
		000249381FB420FE00F96FC1 /* zxy_icon@2x.jpg */ = {isa = PBXFileReference; lastKnownFileType = image.jpeg; path = "zxy_icon@2x.jpg"; sourceTree = "<group>"; };
		0002493A1FB420FE00F96FC1 /* 10405520.lrc */ = {isa = PBXFileReference; fileEncoding = 4; lastKnownFileType = text; path = 10405520.lrc; sourceTree = "<group>"; };
		0002493B1FB420FE00F96FC1 /* 10736444.lrc */ = {isa = PBXFileReference; fileEncoding = 4; lastKnownFileType = text; path = 10736444.lrc; sourceTree = "<group>"; };
		0002493C1FB420FE00F96FC1 /* 120125029.lrc */ = {isa = PBXFileReference; fileEncoding = 4; lastKnownFileType = text; path = 120125029.lrc; sourceTree = "<group>"; };
		0002493D1FB420FE00F96FC1 /* 12309111.lrc */ = {isa = PBXFileReference; fileEncoding = 4; lastKnownFileType = text; path = 12309111.lrc; sourceTree = "<group>"; };
		0002493E1FB420FE00F96FC1 /* 14945107.lrc */ = {isa = PBXFileReference; fileEncoding = 4; lastKnownFileType = text; path = 14945107.lrc; sourceTree = "<group>"; };
		0002493F1FB420FE00F96FC1 /* 235319.lrc */ = {isa = PBXFileReference; fileEncoding = 4; lastKnownFileType = text; path = 235319.lrc; sourceTree = "<group>"; };
		000249401FB420FE00F96FC1 /* 255319.lrc */ = {isa = PBXFileReference; fileEncoding = 4; lastKnownFileType = text; path = 255319.lrc; sourceTree = "<group>"; };
		000249411FB420FE00F96FC1 /* 309769.lrc */ = {isa = PBXFileReference; fileEncoding = 4; lastKnownFileType = text; path = 309769.lrc; sourceTree = "<group>"; };
		000249421FB420FE00F96FC1 /* 339744.lrc */ = {isa = PBXFileReference; fileEncoding = 4; lastKnownFileType = text; path = 339744.lrc; sourceTree = "<group>"; };
		000249431FB420FE00F96FC1 /* 月半小夜曲.lrc */ = {isa = PBXFileReference; fileEncoding = 4; lastKnownFileType = text; path = "月半小夜曲.lrc"; sourceTree = "<group>"; };
		000249451FB420FE00F96FC1 /* 10405520.mp3 */ = {isa = PBXFileReference; lastKnownFileType = audio.mp3; path = 10405520.mp3; sourceTree = "<group>"; };
		000249461FB420FE00F96FC1 /* 10736444.mp3 */ = {isa = PBXFileReference; lastKnownFileType = audio.mp3; path = 10736444.mp3; sourceTree = "<group>"; };
		000249471FB420FE00F96FC1 /* 1201111234.mp3 */ = {isa = PBXFileReference; lastKnownFileType = audio.mp3; path = 1201111234.mp3; sourceTree = "<group>"; };
		000249481FB420FE00F96FC1 /* 120125029.mp3 */ = {isa = PBXFileReference; lastKnownFileType = audio.mp3; path = 120125029.mp3; sourceTree = "<group>"; };
		000249491FB420FE00F96FC1 /* 12309111.mp3 */ = {isa = PBXFileReference; lastKnownFileType = audio.mp3; path = 12309111.mp3; sourceTree = "<group>"; };
		0002494A1FB420FE00F96FC1 /* 14945107.mp3 */ = {isa = PBXFileReference; lastKnownFileType = audio.mp3; path = 14945107.mp3; sourceTree = "<group>"; };
		0002494B1FB420FE00F96FC1 /* 235319.mp3 */ = {isa = PBXFileReference; lastKnownFileType = audio.mp3; path = 235319.mp3; sourceTree = "<group>"; };
		0002494C1FB420FE00F96FC1 /* 255319.mp3 */ = {isa = PBXFileReference; lastKnownFileType = audio.mp3; path = 255319.mp3; sourceTree = "<group>"; };
		0002494D1FB420FE00F96FC1 /* 309769.mp3 */ = {isa = PBXFileReference; lastKnownFileType = audio.mp3; path = 309769.mp3; sourceTree = "<group>"; };
		0002494E1FB420FE00F96FC1 /* 339744.mp3 */ = {isa = PBXFileReference; lastKnownFileType = audio.mp3; path = 339744.mp3; sourceTree = "<group>"; };
		0002494F1FB420FE00F96FC1 /* Musics.plist */ = {isa = PBXFileReference; fileEncoding = 4; lastKnownFileType = text.plist.xml; path = Musics.plist; sourceTree = "<group>"; };
		0069B8F31FB6B77C0074EBF5 /* QQImageTool.swift */ = {isa = PBXFileReference; fileEncoding = 4; lastKnownFileType = sourcecode.swift; path = QQImageTool.swift; sourceTree = "<group>"; };
		0069B8F81FB6C38F0074EBF5 /* QQDetailViewController.storyboard */ = {isa = PBXFileReference; fileEncoding = 4; lastKnownFileType = file.storyboard; path = QQDetailViewController.storyboard; sourceTree = "<group>"; };
		00F32B901FB56A490062F4A2 /* CALayer+Animate.swift */ = {isa = PBXFileReference; fileEncoding = 4; lastKnownFileType = sourcecode.swift; path = "CALayer+Animate.swift"; sourceTree = "<group>"; };
		00F32B921FB57E880062F4A2 /* QQLrcModel.swift */ = {isa = PBXFileReference; fileEncoding = 4; lastKnownFileType = sourcecode.swift; path = QQLrcModel.swift; sourceTree = "<group>"; };
		00F32B941FB590660062F4A2 /* QQLrcViewController.swift */ = {isa = PBXFileReference; fileEncoding = 4; lastKnownFileType = sourcecode.swift; path = QQLrcViewController.swift; sourceTree = "<group>"; };
		00F32B961FB5D9120062F4A2 /* QQLrcLabel.swift */ = {isa = PBXFileReference; fileEncoding = 4; lastKnownFileType = sourcecode.swift; name = QQLrcLabel.swift; path = QQMusicDemo/Classes/QQDetail/Controller/QQLrcLabel.swift; sourceTree = SOURCE_ROOT; };
		00F32B9A1FB68F480062F4A2 /* QQLrcCell.swift */ = {isa = PBXFileReference; fileEncoding = 4; lastKnownFileType = sourcecode.swift; name = QQLrcCell.swift; path = QQMusicDemo/Classes/QQDetail/Controller/QQLrcCell.swift; sourceTree = SOURCE_ROOT; };
		00F32B9B1FB68F480062F4A2 /* QQLrcCell.xib */ = {isa = PBXFileReference; fileEncoding = 4; lastKnownFileType = file.xib; name = QQLrcCell.xib; path = QQMusicDemo/Classes/QQDetail/Controller/QQLrcCell.xib; sourceTree = SOURCE_ROOT; };
		F40097CF1E69401D000E0737 /* QQMusicDemo.app */ = {isa = PBXFileReference; explicitFileType = wrapper.application; includeInIndex = 0; path = QQMusicDemo.app; sourceTree = BUILT_PRODUCTS_DIR; };
		F40097D21E69401D000E0737 /* AppDelegate.swift */ = {isa = PBXFileReference; lastKnownFileType = sourcecode.swift; path = AppDelegate.swift; sourceTree = "<group>"; };
		F40097D71E69401D000E0737 /* Base */ = {isa = PBXFileReference; lastKnownFileType = file.storyboard; name = Base; path = Base.lproj/Main.storyboard; sourceTree = "<group>"; };
		F40097D91E69401E000E0737 /* Assets.xcassets */ = {isa = PBXFileReference; lastKnownFileType = folder.assetcatalog; path = Assets.xcassets; sourceTree = "<group>"; };
		F40097DC1E69401E000E0737 /* Base */ = {isa = PBXFileReference; lastKnownFileType = file.storyboard; name = Base; path = Base.lproj/LaunchScreen.storyboard; sourceTree = "<group>"; };
		F40097DE1E69401E000E0737 /* Info.plist */ = {isa = PBXFileReference; lastKnownFileType = text.plist.xml; path = Info.plist; sourceTree = "<group>"; };
		F40097E81E694102000E0737 /* UIView+Extension.swift */ = {isa = PBXFileReference; fileEncoding = 4; lastKnownFileType = sourcecode.swift; path = "UIView+Extension.swift"; sourceTree = "<group>"; };
		F40097EA1E694102000E0737 /* QQMusicDataTool.swift */ = {isa = PBXFileReference; fileEncoding = 4; lastKnownFileType = sourcecode.swift; path = QQMusicDataTool.swift; sourceTree = "<group>"; };
		F40097EC1E694102000E0737 /* QQMusicOperationTool.swift */ = {isa = PBXFileReference; fileEncoding = 4; lastKnownFileType = sourcecode.swift; path = QQMusicOperationTool.swift; sourceTree = "<group>"; };
		F40097ED1E694102000E0737 /* QQMusicTool.swift */ = {isa = PBXFileReference; fileEncoding = 4; lastKnownFileType = sourcecode.swift; path = QQMusicTool.swift; sourceTree = "<group>"; };
		F40097EE1E694102000E0737 /* QQTimeTool.swift */ = {isa = PBXFileReference; fileEncoding = 4; lastKnownFileType = sourcecode.swift; path = QQTimeTool.swift; sourceTree = "<group>"; };
		F40097F11E694102000E0737 /* QQDetailViewController.swift */ = {isa = PBXFileReference; fileEncoding = 4; lastKnownFileType = sourcecode.swift; path = QQDetailViewController.swift; sourceTree = "<group>"; };
		F40097F31E694102000E0737 /* QQMusicMessageModel.swift */ = {isa = PBXFileReference; fileEncoding = 4; lastKnownFileType = sourcecode.swift; path = QQMusicMessageModel.swift; sourceTree = "<group>"; };
		F40097F71E694102000E0737 /* QQListViewController.swift */ = {isa = PBXFileReference; fileEncoding = 4; lastKnownFileType = sourcecode.swift; path = QQListViewController.swift; sourceTree = "<group>"; };
		F40097F91E694102000E0737 /* QQMusicModel.swift */ = {isa = PBXFileReference; fileEncoding = 4; lastKnownFileType = sourcecode.swift; path = QQMusicModel.swift; sourceTree = "<group>"; };
		F40097FB1E694102000E0737 /* QQMusicCell.swift */ = {isa = PBXFileReference; fileEncoding = 4; lastKnownFileType = sourcecode.swift; path = QQMusicCell.swift; sourceTree = "<group>"; };
		F40097FC1E694102000E0737 /* QQMusicCell.xib */ = {isa = PBXFileReference; fileEncoding = 4; lastKnownFileType = file.xib; path = QQMusicCell.xib; sourceTree = "<group>"; };
/* End PBXFileReference section */

/* Begin PBXFrameworksBuildPhase section */
		F40097CC1E69401D000E0737 /* Frameworks */ = {
			isa = PBXFrameworksBuildPhase;
			buildActionMask = 2147483647;
			files = (
			);
			runOnlyForDeploymentPostprocessing = 0;
		};
/* End PBXFrameworksBuildPhase section */

/* Begin PBXGroup section */
		000249221FB420FE00F96FC1 /* QQResources */ = {
			isa = PBXGroup;
			children = (
				000249231FB420FE00F96FC1 /* Images */,
				000249391FB420FE00F96FC1 /* Lrcs */,
				000249441FB420FE00F96FC1 /* MP3s */,
				0002494F1FB420FE00F96FC1 /* Musics.plist */,
			);
			path = QQResources;
			sourceTree = "<group>";
		};
		000249231FB420FE00F96FC1 /* Images */ = {
			isa = PBXGroup;
			children = (
				000249241FB420FE00F96FC1 /* bb@2x.jpg */,
				000249251FB420FE00F96FC1 /* bb_icon@2x.jpg */,
				000249261FB420FE00F96FC1 /* dzq@2x.jpg */,
				000249271FB420FE00F96FC1 /* dzq_icon@2x.jpg */,
				000249281FB420FE00F96FC1 /* eason@2x.jpg */,
				000249291FB420FE00F96FC1 /* eason_icon@2x.jpg */,
				0002492A1FB420FE00F96FC1 /* jay@2x.jpg */,
				0002492B1FB420FE00F96FC1 /* jay_icon@2x.png */,
				0002492C1FB420FE00F96FC1 /* jj@2x.jpg */,
				0002492D1FB420FE00F96FC1 /* jj_icon@2x.png */,
				0002492E1FB420FE00F96FC1 /* kzxd@2x.jpg */,
				0002492F1FB420FE00F96FC1 /* kzxd_icon@2x.jpg */,
				000249301FB420FE00F96FC1 /* lkq@2x.jpg */,
				000249311FB420FE00F96FC1 /* lkq_icon@2x.jpg */,
				000249321FB420FE00F96FC1 /* nanquan@2x.jpg */,
				000249331FB420FE00F96FC1 /* nanquan_icon@2x.jpg */,
				000249341FB420FE00F96FC1 /* QQListBack.jpg */,
				000249351FB420FE00F96FC1 /* wf@2x.jpg */,
				000249361FB420FE00F96FC1 /* wf_icon@2x.jpg */,
				000249371FB420FE00F96FC1 /* zxy@2x.jpg */,
				000249381FB420FE00F96FC1 /* zxy_icon@2x.jpg */,
			);
			path = Images;
			sourceTree = "<group>";
		};
		000249391FB420FE00F96FC1 /* Lrcs */ = {
			isa = PBXGroup;
			children = (
				0002493A1FB420FE00F96FC1 /* 10405520.lrc */,
				0002493B1FB420FE00F96FC1 /* 10736444.lrc */,
				0002493C1FB420FE00F96FC1 /* 120125029.lrc */,
				0002493D1FB420FE00F96FC1 /* 12309111.lrc */,
				0002493E1FB420FE00F96FC1 /* 14945107.lrc */,
				0002493F1FB420FE00F96FC1 /* 235319.lrc */,
				000249401FB420FE00F96FC1 /* 255319.lrc */,
				000249411FB420FE00F96FC1 /* 309769.lrc */,
				000249421FB420FE00F96FC1 /* 339744.lrc */,
				000249431FB420FE00F96FC1 /* 月半小夜曲.lrc */,
			);
			path = Lrcs;
			sourceTree = "<group>";
		};
		000249441FB420FE00F96FC1 /* MP3s */ = {
			isa = PBXGroup;
			children = (
				000249451FB420FE00F96FC1 /* 10405520.mp3 */,
				000249461FB420FE00F96FC1 /* 10736444.mp3 */,
				000249471FB420FE00F96FC1 /* 1201111234.mp3 */,
				000249481FB420FE00F96FC1 /* 120125029.mp3 */,
				000249491FB420FE00F96FC1 /* 12309111.mp3 */,
				0002494A1FB420FE00F96FC1 /* 14945107.mp3 */,
				0002494B1FB420FE00F96FC1 /* 235319.mp3 */,
				0002494C1FB420FE00F96FC1 /* 255319.mp3 */,
				0002494D1FB420FE00F96FC1 /* 309769.mp3 */,
				0002494E1FB420FE00F96FC1 /* 339744.mp3 */,
			);
			path = MP3s;
			sourceTree = "<group>";
		};
		F40097C61E69401D000E0737 = {
			isa = PBXGroup;
			children = (
				F40097D11E69401D000E0737 /* QQMusicDemo */,
				F40097D01E69401D000E0737 /* Products */,
			);
			sourceTree = "<group>";
		};
		F40097D01E69401D000E0737 /* Products */ = {
			isa = PBXGroup;
			children = (
				F40097CF1E69401D000E0737 /* QQMusicDemo.app */,
			);
			name = Products;
			sourceTree = "<group>";
		};
		F40097D11E69401D000E0737 /* QQMusicDemo */ = {
			isa = PBXGroup;
			children = (
				F40097E51E694102000E0737 /* Classes */,
				F40097D21E69401D000E0737 /* AppDelegate.swift */,
				F40097E41E6940F1000E0737 /* resource */,
			);
			path = QQMusicDemo;
			sourceTree = "<group>";
		};
		F40097E41E6940F1000E0737 /* resource */ = {
			isa = PBXGroup;
			children = (
				000249221FB420FE00F96FC1 /* QQResources */,
				F40097D61E69401D000E0737 /* Main.storyboard */,
				F40097D91E69401E000E0737 /* Assets.xcassets */,
				F40097DB1E69401E000E0737 /* LaunchScreen.storyboard */,
				F40097DE1E69401E000E0737 /* Info.plist */,
			);
			name = resource;
			sourceTree = "<group>";
		};
		F40097E51E694102000E0737 /* Classes */ = {
			isa = PBXGroup;
			children = (
				F40097E61E694102000E0737 /* Other */,
				F40097EF1E694102000E0737 /* QQDetail */,
				F40097F51E694102000E0737 /* QQMain */,
			);
			path = Classes;
			sourceTree = "<group>";
		};
		F40097E61E694102000E0737 /* Other */ = {
			isa = PBXGroup;
			children = (
				F40097E71E694102000E0737 /* Category */,
				F40097E91E694102000E0737 /* DataTool */,
				F40097EB1E694102000E0737 /* Tool */,
			);
			path = Other;
			sourceTree = "<group>";
		};
		F40097E71E694102000E0737 /* Category */ = {
			isa = PBXGroup;
			children = (
				F40097E81E694102000E0737 /* UIView+Extension.swift */,
				00F32B901FB56A490062F4A2 /* CALayer+Animate.swift */,
			);
			path = Category;
			sourceTree = "<group>";
		};
		F40097E91E694102000E0737 /* DataTool */ = {
			isa = PBXGroup;
			children = (
				F40097EA1E694102000E0737 /* QQMusicDataTool.swift */,
			);
			path = DataTool;
			sourceTree = "<group>";
		};
		F40097EB1E694102000E0737 /* Tool */ = {
			isa = PBXGroup;
			children = (
				F40097EC1E694102000E0737 /* QQMusicOperationTool.swift */,
				F40097ED1E694102000E0737 /* QQMusicTool.swift */,
				F40097EE1E694102000E0737 /* QQTimeTool.swift */,
				0069B8F31FB6B77C0074EBF5 /* QQImageTool.swift */,
			);
			path = Tool;
			sourceTree = "<group>";
		};
		F40097EF1E694102000E0737 /* QQDetail */ = {
			isa = PBXGroup;
			children = (
				F40097F01E694102000E0737 /* Controller */,
				F40097F21E694102000E0737 /* Model */,
				F40097F41E694102000E0737 /* View */,
			);
			path = QQDetail;
			sourceTree = "<group>";
		};
		F40097F01E694102000E0737 /* Controller */ = {
			isa = PBXGroup;
			children = (
				F40097F11E694102000E0737 /* QQDetailViewController.swift */,
				0069B8F81FB6C38F0074EBF5 /* QQDetailViewController.storyboard */,
				00F32B941FB590660062F4A2 /* QQLrcViewController.swift */,
			);
			path = Controller;
			sourceTree = "<group>";
		};
		F40097F21E694102000E0737 /* Model */ = {
			isa = PBXGroup;
			children = (
				F40097F31E694102000E0737 /* QQMusicMessageModel.swift */,
				00F32B921FB57E880062F4A2 /* QQLrcModel.swift */,
			);
			path = Model;
			sourceTree = "<group>";
		};
		F40097F41E694102000E0737 /* View */ = {
			isa = PBXGroup;
			children = (
				00F32B961FB5D9120062F4A2 /* QQLrcLabel.swift */,
				00F32B9A1FB68F480062F4A2 /* QQLrcCell.swift */,
				00F32B9B1FB68F480062F4A2 /* QQLrcCell.xib */,
			);
			path = View;
			sourceTree = "<group>";
		};
		F40097F51E694102000E0737 /* QQMain */ = {
			isa = PBXGroup;
			children = (
				F40097F61E694102000E0737 /* Controller */,
				F40097F81E694102000E0737 /* Model */,
				F40097FA1E694102000E0737 /* View */,
			);
			path = QQMain;
			sourceTree = "<group>";
		};
		F40097F61E694102000E0737 /* Controller */ = {
			isa = PBXGroup;
			children = (
				F40097F71E694102000E0737 /* QQListViewController.swift */,
			);
			path = Controller;
			sourceTree = "<group>";
		};
		F40097F81E694102000E0737 /* Model */ = {
			isa = PBXGroup;
			children = (
				F40097F91E694102000E0737 /* QQMusicModel.swift */,
			);
			path = Model;
			sourceTree = "<group>";
		};
		F40097FA1E694102000E0737 /* View */ = {
			isa = PBXGroup;
			children = (
				F40097FB1E694102000E0737 /* QQMusicCell.swift */,
				F40097FC1E694102000E0737 /* QQMusicCell.xib */,
			);
			path = View;
			sourceTree = "<group>";
		};
/* End PBXGroup section */

/* Begin PBXNativeTarget section */
		F40097CE1E69401D000E0737 /* QQMusicDemo */ = {
			isa = PBXNativeTarget;
			buildConfigurationList = F40097E11E69401E000E0737 /* Build configuration list for PBXNativeTarget "QQMusicDemo" */;
			buildPhases = (
				F40097CB1E69401D000E0737 /* Sources */,
				F40097CC1E69401D000E0737 /* Frameworks */,
				F40097CD1E69401D000E0737 /* Resources */,
			);
			buildRules = (
			);
			dependencies = (
			);
			name = QQMusicDemo;
			productName = QQMusicDemo;
			productReference = F40097CF1E69401D000E0737 /* QQMusicDemo.app */;
			productType = "com.apple.product-type.application";
		};
/* End PBXNativeTarget section */

/* Begin PBXProject section */
		F40097C71E69401D000E0737 /* Project object */ = {
			isa = PBXProject;
			attributes = {
				LastSwiftUpdateCheck = 0820;
				LastUpgradeCheck = 0820;
				ORGANIZATIONNAME = lijun;
				TargetAttributes = {
					F40097CE1E69401D000E0737 = {
						CreatedOnToolsVersion = 8.2.1;
						DevelopmentTeam = 4FPKBH4664;
						ProvisioningStyle = Automatic;
						SystemCapabilities = {
							com.apple.BackgroundModes = {
								enabled = 1;
							};
						};
					};
				};
			};
			buildConfigurationList = F40097CA1E69401D000E0737 /* Build configuration list for PBXProject "QQMusicDemo" */;
			compatibilityVersion = "Xcode 3.2";
			developmentRegion = English;
			hasScannedForEncodings = 0;
			knownRegions = (
				en,
				Base,
			);
			mainGroup = F40097C61E69401D000E0737;
			productRefGroup = F40097D01E69401D000E0737 /* Products */;
			projectDirPath = "";
			projectRoot = "";
			targets = (
				F40097CE1E69401D000E0737 /* QQMusicDemo */,
			);
		};
/* End PBXProject section */

/* Begin PBXResourcesBuildPhase section */
		F40097CD1E69401D000E0737 /* Resources */ = {
			isa = PBXResourcesBuildPhase;
			buildActionMask = 2147483647;
			files = (
				000249701FB420FE00F96FC1 /* 10736444.mp3 in Resources */,
				0002496C1FB420FE00F96FC1 /* 309769.lrc in Resources */,
				000249781FB420FE00F96FC1 /* 339744.mp3 in Resources */,
				F40097DD1E69401E000E0737 /* LaunchScreen.storyboard in Resources */,
				000249661FB420FE00F96FC1 /* 10736444.lrc in Resources */,
				000249731FB420FE00F96FC1 /* 12309111.mp3 in Resources */,
				000249511FB420FE00F96FC1 /* bb_icon@2x.jpg in Resources */,
				0002495F1FB420FE00F96FC1 /* nanquan_icon@2x.jpg in Resources */,
				0002495B1FB420FE00F96FC1 /* kzxd_icon@2x.jpg in Resources */,
				0002495A1FB420FE00F96FC1 /* kzxd@2x.jpg in Resources */,
				000249711FB420FE00F96FC1 /* 1201111234.mp3 in Resources */,
				0002496F1FB420FE00F96FC1 /* 10405520.mp3 in Resources */,
				000249791FB420FE00F96FC1 /* Musics.plist in Resources */,
				000249551FB420FE00F96FC1 /* eason_icon@2x.jpg in Resources */,
				F40097DA1E69401E000E0737 /* Assets.xcassets in Resources */,
				0002495E1FB420FE00F96FC1 /* nanquan@2x.jpg in Resources */,
				0002496E1FB420FE00F96FC1 /* 月半小夜曲.lrc in Resources */,
				000249751FB420FE00F96FC1 /* 235319.mp3 in Resources */,
				000249641FB420FE00F96FC1 /* zxy_icon@2x.jpg in Resources */,
				000249541FB420FE00F96FC1 /* eason@2x.jpg in Resources */,
				000249611FB420FE00F96FC1 /* wf@2x.jpg in Resources */,
				0002496D1FB420FE00F96FC1 /* 339744.lrc in Resources */,
				F40097D81E69401D000E0737 /* Main.storyboard in Resources */,
				F40098071E694102000E0737 /* QQMusicCell.xib in Resources */,
				000249741FB420FE00F96FC1 /* 14945107.mp3 in Resources */,
				000249691FB420FE00F96FC1 /* 14945107.lrc in Resources */,
				000249671FB420FE00F96FC1 /* 120125029.lrc in Resources */,
				000249591FB420FE00F96FC1 /* jj_icon@2x.png in Resources */,
				000249501FB420FE00F96FC1 /* bb@2x.jpg in Resources */,
				0002496B1FB420FE00F96FC1 /* 255319.lrc in Resources */,
				000249631FB420FE00F96FC1 /* zxy@2x.jpg in Resources */,
				00F32B9D1FB68F480062F4A2 /* QQLrcCell.xib in Resources */,
				000249571FB420FE00F96FC1 /* jay_icon@2x.png in Resources */,
				000249771FB420FE00F96FC1 /* 309769.mp3 in Resources */,
				000249721FB420FE00F96FC1 /* 120125029.mp3 in Resources */,
				000249581FB420FE00F96FC1 /* jj@2x.jpg in Resources */,
				0002495C1FB420FE00F96FC1 /* lkq@2x.jpg in Resources */,
				0002495D1FB420FE00F96FC1 /* lkq_icon@2x.jpg in Resources */,
				000249561FB420FE00F96FC1 /* jay@2x.jpg in Resources */,
				000249681FB420FE00F96FC1 /* 12309111.lrc in Resources */,
				0002496A1FB420FE00F96FC1 /* 235319.lrc in Resources */,
				000249621FB420FE00F96FC1 /* wf_icon@2x.jpg in Resources */,
				000249521FB420FE00F96FC1 /* dzq@2x.jpg in Resources */,
				000249761FB420FE00F96FC1 /* 255319.mp3 in Resources */,
				000249531FB420FE00F96FC1 /* dzq_icon@2x.jpg in Resources */,
				0069B8F91FB6C38F0074EBF5 /* QQDetailViewController.storyboard in Resources */,
				000249651FB420FE00F96FC1 /* 10405520.lrc in Resources */,
				000249601FB420FE00F96FC1 /* QQListBack.jpg in Resources */,
			);
			runOnlyForDeploymentPostprocessing = 0;
		};
/* End PBXResourcesBuildPhase section */

/* Begin PBXSourcesBuildPhase section */
		F40097CB1E69401D000E0737 /* Sources */ = {
			isa = PBXSourcesBuildPhase;
			buildActionMask = 2147483647;
			files = (
				F40098021E694102000E0737 /* QQDetailViewController.swift in Sources */,
				F40098041E694102000E0737 /* QQListViewController.swift in Sources */,
				00F32B951FB590660062F4A2 /* QQLrcViewController.swift in Sources */,
				F40098061E694102000E0737 /* QQMusicCell.swift in Sources */,
				00F32B971FB5D9120062F4A2 /* QQLrcLabel.swift in Sources */,
				00F32B911FB56A490062F4A2 /* CALayer+Animate.swift in Sources */,
				F40097FD1E694102000E0737 /* UIView+Extension.swift in Sources */,
				0069B8F41FB6B77C0074EBF5 /* QQImageTool.swift in Sources */,
				F40097FE1E694102000E0737 /* QQMusicDataTool.swift in Sources */,
				F40097D31E69401D000E0737 /* AppDelegate.swift in Sources */,
				F40097FF1E694102000E0737 /* QQMusicOperationTool.swift in Sources */,
				00F32B931FB57E880062F4A2 /* QQLrcModel.swift in Sources */,
				F40098031E694102000E0737 /* QQMusicMessageModel.swift in Sources */,
				F40098011E694102000E0737 /* QQTimeTool.swift in Sources */,
				00F32B9C1FB68F480062F4A2 /* QQLrcCell.swift in Sources */,
				F40098001E694102000E0737 /* QQMusicTool.swift in Sources */,
				F40098051E694102000E0737 /* QQMusicModel.swift in Sources */,
			);
			runOnlyForDeploymentPostprocessing = 0;
		};
/* End PBXSourcesBuildPhase section */

/* Begin PBXVariantGroup section */
		F40097D61E69401D000E0737 /* Main.storyboard */ = {
			isa = PBXVariantGroup;
			children = (
				F40097D71E69401D000E0737 /* Base */,
			);
			name = Main.storyboard;
			sourceTree = "<group>";
		};
		F40097DB1E69401E000E0737 /* LaunchScreen.storyboard */ = {
			isa = PBXVariantGroup;
			children = (
				F40097DC1E69401E000E0737 /* Base */,
			);
			name = LaunchScreen.storyboard;
			sourceTree = "<group>";
		};
/* End PBXVariantGroup section */

/* Begin XCBuildConfiguration section */
		F40097DF1E69401E000E0737 /* Debug */ = {
			isa = XCBuildConfiguration;
			buildSettings = {
				ALWAYS_SEARCH_USER_PATHS = NO;
				CLANG_ANALYZER_NONNULL = YES;
				CLANG_CXX_LANGUAGE_STANDARD = "gnu++0x";
				CLANG_CXX_LIBRARY = "libc++";
				CLANG_ENABLE_MODULES = YES;
				CLANG_ENABLE_OBJC_ARC = YES;
				CLANG_WARN_BOOL_CONVERSION = YES;
				CLANG_WARN_CONSTANT_CONVERSION = YES;
				CLANG_WARN_DIRECT_OBJC_ISA_USAGE = YES_ERROR;
				CLANG_WARN_DOCUMENTATION_COMMENTS = YES;
				CLANG_WARN_EMPTY_BODY = YES;
				CLANG_WARN_ENUM_CONVERSION = YES;
				CLANG_WARN_INFINITE_RECURSION = YES;
				CLANG_WARN_INT_CONVERSION = YES;
				CLANG_WARN_OBJC_ROOT_CLASS = YES_ERROR;
				CLANG_WARN_SUSPICIOUS_MOVE = YES;
				CLANG_WARN_UNREACHABLE_CODE = YES;
				CLANG_WARN__DUPLICATE_METHOD_MATCH = YES;
				"CODE_SIGN_IDENTITY[sdk=iphoneos*]" = "iPhone Developer";
				COPY_PHASE_STRIP = NO;
				DEBUG_INFORMATION_FORMAT = dwarf;
				ENABLE_STRICT_OBJC_MSGSEND = YES;
				ENABLE_TESTABILITY = YES;
				GCC_C_LANGUAGE_STANDARD = gnu99;
				GCC_DYNAMIC_NO_PIC = NO;
				GCC_NO_COMMON_BLOCKS = YES;
				GCC_OPTIMIZATION_LEVEL = 0;
				GCC_PREPROCESSOR_DEFINITIONS = (
					"DEBUG=1",
					"$(inherited)",
				);
				GCC_WARN_64_TO_32_BIT_CONVERSION = YES;
				GCC_WARN_ABOUT_RETURN_TYPE = YES_ERROR;
				GCC_WARN_UNDECLARED_SELECTOR = YES;
				GCC_WARN_UNINITIALIZED_AUTOS = YES_AGGRESSIVE;
				GCC_WARN_UNUSED_FUNCTION = YES;
				GCC_WARN_UNUSED_VARIABLE = YES;
				IPHONEOS_DEPLOYMENT_TARGET = 10.2;
				MTL_ENABLE_DEBUG_INFO = YES;
				ONLY_ACTIVE_ARCH = YES;
				SDKROOT = iphoneos;
				SWIFT_ACTIVE_COMPILATION_CONDITIONS = DEBUG;
				SWIFT_OPTIMIZATION_LEVEL = "-Onone";
				TARGETED_DEVICE_FAMILY = "1,2";
			};
			name = Debug;
		};
		F40097E01E69401E000E0737 /* Release */ = {
			isa = XCBuildConfiguration;
			buildSettings = {
				ALWAYS_SEARCH_USER_PATHS = NO;
				CLANG_ANALYZER_NONNULL = YES;
				CLANG_CXX_LANGUAGE_STANDARD = "gnu++0x";
				CLANG_CXX_LIBRARY = "libc++";
				CLANG_ENABLE_MODULES = YES;
				CLANG_ENABLE_OBJC_ARC = YES;
				CLANG_WARN_BOOL_CONVERSION = YES;
				CLANG_WARN_CONSTANT_CONVERSION = YES;
				CLANG_WARN_DIRECT_OBJC_ISA_USAGE = YES_ERROR;
				CLANG_WARN_DOCUMENTATION_COMMENTS = YES;
				CLANG_WARN_EMPTY_BODY = YES;
				CLANG_WARN_ENUM_CONVERSION = YES;
				CLANG_WARN_INFINITE_RECURSION = YES;
				CLANG_WARN_INT_CONVERSION = YES;
				CLANG_WARN_OBJC_ROOT_CLASS = YES_ERROR;
				CLANG_WARN_SUSPICIOUS_MOVE = YES;
				CLANG_WARN_UNREACHABLE_CODE = YES;
				CLANG_WARN__DUPLICATE_METHOD_MATCH = YES;
				"CODE_SIGN_IDENTITY[sdk=iphoneos*]" = "iPhone Developer";
				COPY_PHASE_STRIP = NO;
				DEBUG_INFORMATION_FORMAT = "dwarf-with-dsym";
				ENABLE_NS_ASSERTIONS = NO;
				ENABLE_STRICT_OBJC_MSGSEND = YES;
				GCC_C_LANGUAGE_STANDARD = gnu99;
				GCC_NO_COMMON_BLOCKS = YES;
				GCC_WARN_64_TO_32_BIT_CONVERSION = YES;
				GCC_WARN_ABOUT_RETURN_TYPE = YES_ERROR;
				GCC_WARN_UNDECLARED_SELECTOR = YES;
				GCC_WARN_UNINITIALIZED_AUTOS = YES_AGGRESSIVE;
				GCC_WARN_UNUSED_FUNCTION = YES;
				GCC_WARN_UNUSED_VARIABLE = YES;
				IPHONEOS_DEPLOYMENT_TARGET = 10.2;
				MTL_ENABLE_DEBUG_INFO = NO;
				SDKROOT = iphoneos;
				SWIFT_OPTIMIZATION_LEVEL = "-Owholemodule";
				TARGETED_DEVICE_FAMILY = "1,2";
				VALIDATE_PRODUCT = YES;
			};
			name = Release;
		};
		F40097E21E69401E000E0737 /* Debug */ = {
			isa = XCBuildConfiguration;
			buildSettings = {
				ASSETCATALOG_COMPILER_APPICON_NAME = AppIcon;
				ASSETCATALOG_COMPILER_LAUNCHIMAGE_NAME = LaunchImage;
				DEVELOPMENT_TEAM = 4FPKBH4664;
				INFOPLIST_FILE = QQMusicDemo/Info.plist;
				IPHONEOS_DEPLOYMENT_TARGET = 8.0;
				LD_RUNPATH_SEARCH_PATHS = "$(inherited) @executable_path/Frameworks";
				PRODUCT_BUNDLE_IDENTIFIER = com.qixin.cn.QQMusicDemo;
				PRODUCT_NAME = "$(TARGET_NAME)";
				SWIFT_VERSION = 3.0;
			};
			name = Debug;
		};
		F40097E31E69401E000E0737 /* Release */ = {
			isa = XCBuildConfiguration;
			buildSettings = {
				ASSETCATALOG_COMPILER_APPICON_NAME = AppIcon;
				ASSETCATALOG_COMPILER_LAUNCHIMAGE_NAME = LaunchImage;
				DEVELOPMENT_TEAM = 4FPKBH4664;
				INFOPLIST_FILE = QQMusicDemo/Info.plist;
				IPHONEOS_DEPLOYMENT_TARGET = 8.0;
				LD_RUNPATH_SEARCH_PATHS = "$(inherited) @executable_path/Frameworks";
				PRODUCT_BUNDLE_IDENTIFIER = com.qixin.cn.QQMusicDemo;
				PRODUCT_NAME = "$(TARGET_NAME)";
				SWIFT_VERSION = 3.0;
			};
			name = Release;
		};
/* End XCBuildConfiguration section */

/* Begin XCConfigurationList section */
		F40097CA1E69401D000E0737 /* Build configuration list for PBXProject "QQMusicDemo" */ = {
			isa = XCConfigurationList;
			buildConfigurations = (
				F40097DF1E69401E000E0737 /* Debug */,
				F40097E01E69401E000E0737 /* Release */,
			);
			defaultConfigurationIsVisible = 0;
			defaultConfigurationName = Release;
		};
		F40097E11E69401E000E0737 /* Build configuration list for PBXNativeTarget "QQMusicDemo" */ = {
			isa = XCConfigurationList;
			buildConfigurations = (
				F40097E21E69401E000E0737 /* Debug */,
				F40097E31E69401E000E0737 /* Release */,
			);
			defaultConfigurationIsVisible = 0;
			defaultConfigurationName = Release;
		};
/* End XCConfigurationList section */
	};
	rootObject = F40097C71E69401D000E0737 /* Project object */;
}
